
Microsoft Visual Studio Solution File, Format Version 12.00
# Visual Studio 15
VisualStudioVersion = 15.0.28010.2026
MinimumVisualStudioVersion = 10.0.40219.1
Project("{FAE04EC0-301F-11D3-BF4B-00C04F79EFBC}") = "WPF", "WPF\WPF.csproj", "{5B265C13-8115-474F-AC61-C6179732EB7E}"
EndProject
Project("{FAE04EC0-301F-11D3-BF4B-00C04F79EFBC}") = "Common", "Common\Common.csproj", "{AFCE6819-165D-446A-9989-E9FA1100BFA2}"
EndProject
Project("{FAE04EC0-301F-11D3-BF4B-00C04F79EFBC}") = "Service", "Service\Service.csproj", "{FF86D5DA-A700-49AC-B1F6-CA38B3DE87EE}"
EndProject
Project("{FAE04EC0-301F-11D3-BF4B-00C04F79EFBC}") = "SecurityManager", "SecurityManager\SecurityManager.csproj", "{F07848DD-C3F0-44F5-9F0E-376A71C8D8BF}"
EndProject
Global
	GlobalSection(SolutionConfigurationPlatforms) = preSolution
		Debug|Any CPU = Debug|Any CPU
		Release|Any CPU = Release|Any CPU
	EndGlobalSection
	GlobalSection(ProjectConfigurationPlatforms) = postSolution
		{5B265C13-8115-474F-AC61-C6179732EB7E}.Debug|Any CPU.ActiveCfg = Debug|Any CPU
		{5B265C13-8115-474F-AC61-C6179732EB7E}.Debug|Any CPU.Build.0 = Debug|Any CPU
		{5B265C13-8115-474F-AC61-C6179732EB7E}.Release|Any CPU.ActiveCfg = Release|Any CPU
		{5B265C13-8115-474F-AC61-C6179732EB7E}.Release|Any CPU.Build.0 = Release|Any CPU
		{AFCE6819-165D-446A-9989-E9FA1100BFA2}.Debug|Any CPU.ActiveCfg = Debug|Any CPU
		{AFCE6819-165D-446A-9989-E9FA1100BFA2}.Debug|Any CPU.Build.0 = Debug|Any CPU
		{AFCE6819-165D-446A-9989-E9FA1100BFA2}.Release|Any CPU.ActiveCfg = Release|Any CPU
		{AFCE6819-165D-446A-9989-E9FA1100BFA2}.Release|Any CPU.Build.0 = Release|Any CPU
		{FF86D5DA-A700-49AC-B1F6-CA38B3DE87EE}.Debug|Any CPU.ActiveCfg = Debug|Any CPU
		{FF86D5DA-A700-49AC-B1F6-CA38B3DE87EE}.Debug|Any CPU.Build.0 = Debug|Any CPU
		{FF86D5DA-A700-49AC-B1F6-CA38B3DE87EE}.Release|Any CPU.ActiveCfg = Release|Any CPU
		{FF86D5DA-A700-49AC-B1F6-CA38B3DE87EE}.Release|Any CPU.Build.0 = Release|Any CPU
		{F07848DD-C3F0-44F5-9F0E-376A71C8D8BF}.Debug|Any CPU.ActiveCfg = Debug|Any CPU
		{F07848DD-C3F0-44F5-9F0E-376A71C8D8BF}.Debug|Any CPU.Build.0 = Debug|Any CPU
		{F07848DD-C3F0-44F5-9F0E-376A71C8D8BF}.Release|Any CPU.ActiveCfg = Release|Any CPU
		{F07848DD-C3F0-44F5-9F0E-376A71C8D8BF}.Release|Any CPU.Build.0 = Release|Any CPU
	EndGlobalSection
	GlobalSection(SolutionProperties) = preSolution
		HideSolutionNode = FALSE
	EndGlobalSection
	GlobalSection(ExtensibilityGlobals) = postSolution
		SolutionGuid = {DC135EBE-4F2D-4D1F-8DF2-49B5E42A9C4F}
	EndGlobalSection
EndGlobal
